
Microsoft Visual Studio Solution File, Format Version 12.00
# Visual Studio 15
VisualStudioVersion = 15.0.28307.1209
MinimumVisualStudioVersion = 10.0.40219.1
Project("{FAE04EC0-301F-11D3-BF4B-00C04F79EFBC}") = "RevelationStand", "RevelationStand\RevelationStand.csproj", "{70D6192B-C48F-49A9-B824-4D1A8B4C438A}"
EndProject
Project("{FAE04EC0-301F-11D3-BF4B-00C04F79EFBC}") = "Characteristic", "Characteristic\Characteristic.csproj", "{ECE3CB1A-92A7-44F4-B7BB-7989DF61AF5F}"
EndProject
Project("{FAE04EC0-301F-11D3-BF4B-00C04F79EFBC}") = "Stones", "Stones\Stones.csproj", "{5D3182CA-E1DB-46B2-ABE5-7FA12C335756}"
EndProject
Global
	GlobalSection(SolutionConfigurationPlatforms) = preSolution
		Debug|Any CPU = Debug|Any CPU
		Debug|ARM = Debug|ARM
		Debug|ARM64 = Debug|ARM64
		Debug|x64 = Debug|x64
		Debug|x86 = Debug|x86
		Release|Any CPU = Release|Any CPU
		Release|ARM = Release|ARM
		Release|ARM64 = Release|ARM64
		Release|x64 = Release|x64
		Release|x86 = Release|x86
	EndGlobalSection
	GlobalSection(ProjectConfigurationPlatforms) = postSolution
		{70D6192B-C48F-49A9-B824-4D1A8B4C438A}.Debug|Any CPU.ActiveCfg = Debug|x86
		{70D6192B-C48F-49A9-B824-4D1A8B4C438A}.Debug|ARM.ActiveCfg = Debug|ARM
		{70D6192B-C48F-49A9-B824-4D1A8B4C438A}.Debug|ARM.Build.0 = Debug|ARM
		{70D6192B-C48F-49A9-B824-4D1A8B4C438A}.Debug|ARM.Deploy.0 = Debug|ARM
		{70D6192B-C48F-49A9-B824-4D1A8B4C438A}.Debug|ARM64.ActiveCfg = Debug|ARM64
		{70D6192B-C48F-49A9-B824-4D1A8B4C438A}.Debug|ARM64.Build.0 = Debug|ARM64
		{70D6192B-C48F-49A9-B824-4D1A8B4C438A}.Debug|ARM64.Deploy.0 = Debug|ARM64
		{70D6192B-C48F-49A9-B824-4D1A8B4C438A}.Debug|x64.ActiveCfg = Debug|x64
		{70D6192B-C48F-49A9-B824-4D1A8B4C438A}.Debug|x64.Build.0 = Debug|x64
		{70D6192B-C48F-49A9-B824-4D1A8B4C438A}.Debug|x64.Deploy.0 = Debug|x64
		{70D6192B-C48F-49A9-B824-4D1A8B4C438A}.Debug|x86.ActiveCfg = Debug|x86
		{70D6192B-C48F-49A9-B824-4D1A8B4C438A}.Debug|x86.Build.0 = Debug|x86
		{70D6192B-C48F-49A9-B824-4D1A8B4C438A}.Debug|x86.Deploy.0 = Debug|x86
		{70D6192B-C48F-49A9-B824-4D1A8B4C438A}.Release|Any CPU.ActiveCfg = Release|x86
		{70D6192B-C48F-49A9-B824-4D1A8B4C438A}.Release|ARM.ActiveCfg = Release|ARM
		{70D6192B-C48F-49A9-B824-4D1A8B4C438A}.Release|ARM.Build.0 = Release|ARM
		{70D6192B-C48F-49A9-B824-4D1A8B4C438A}.Release|ARM.Deploy.0 = Release|ARM
		{70D6192B-C48F-49A9-B824-4D1A8B4C438A}.Release|ARM64.ActiveCfg = Release|ARM64
		{70D6192B-C48F-49A9-B824-4D1A8B4C438A}.Release|ARM64.Build.0 = Release|ARM64
		{70D6192B-C48F-49A9-B824-4D1A8B4C438A}.Release|ARM64.Deploy.0 = Release|ARM64
		{70D6192B-C48F-49A9-B824-4D1A8B4C438A}.Release|x64.ActiveCfg = Release|x64
		{70D6192B-C48F-49A9-B824-4D1A8B4C438A}.Release|x64.Build.0 = Release|x64
		{70D6192B-C48F-49A9-B824-4D1A8B4C438A}.Release|x64.Deploy.0 = Release|x64
		{70D6192B-C48F-49A9-B824-4D1A8B4C438A}.Release|x86.ActiveCfg = Release|x86
		{70D6192B-C48F-49A9-B824-4D1A8B4C438A}.Release|x86.Build.0 = Release|x86
		{70D6192B-C48F-49A9-B824-4D1A8B4C438A}.Release|x86.Deploy.0 = Release|x86
		{ECE3CB1A-92A7-44F4-B7BB-7989DF61AF5F}.Debug|Any CPU.ActiveCfg = Debug|Any CPU
		{ECE3CB1A-92A7-44F4-B7BB-7989DF61AF5F}.Debug|Any CPU.Build.0 = Debug|Any CPU
		{ECE3CB1A-92A7-44F4-B7BB-7989DF61AF5F}.Debug|ARM.ActiveCfg = Debug|ARM
		{ECE3CB1A-92A7-44F4-B7BB-7989DF61AF5F}.Debug|ARM.Build.0 = Debug|ARM
		{ECE3CB1A-92A7-44F4-B7BB-7989DF61AF5F}.Debug|ARM64.ActiveCfg = Debug|ARM64
		{ECE3CB1A-92A7-44F4-B7BB-7989DF61AF5F}.Debug|ARM64.Build.0 = Debug|ARM64
		{ECE3CB1A-92A7-44F4-B7BB-7989DF61AF5F}.Debug|x64.ActiveCfg = Debug|x64
		{ECE3CB1A-92A7-44F4-B7BB-7989DF61AF5F}.Debug|x64.Build.0 = Debug|x64
		{ECE3CB1A-92A7-44F4-B7BB-7989DF61AF5F}.Debug|x86.ActiveCfg = Debug|x86
		{ECE3CB1A-92A7-44F4-B7BB-7989DF61AF5F}.Debug|x86.Build.0 = Debug|x86
		{ECE3CB1A-92A7-44F4-B7BB-7989DF61AF5F}.Release|Any CPU.ActiveCfg = Release|Any CPU
		{ECE3CB1A-92A7-44F4-B7BB-7989DF61AF5F}.Release|Any CPU.Build.0 = Release|Any CPU
		{ECE3CB1A-92A7-44F4-B7BB-7989DF61AF5F}.Release|ARM.ActiveCfg = Release|ARM
		{ECE3CB1A-92A7-44F4-B7BB-7989DF61AF5F}.Release|ARM.Build.0 = Release|ARM
		{ECE3CB1A-92A7-44F4-B7BB-7989DF61AF5F}.Release|ARM64.ActiveCfg = Release|ARM64
		{ECE3CB1A-92A7-44F4-B7BB-7989DF61AF5F}.Release|ARM64.Build.0 = Release|ARM64
		{ECE3CB1A-92A7-44F4-B7BB-7989DF61AF5F}.Release|x64.ActiveCfg = Release|x64
		{ECE3CB1A-92A7-44F4-B7BB-7989DF61AF5F}.Release|x64.Build.0 = Release|x64
		{ECE3CB1A-92A7-44F4-B7BB-7989DF61AF5F}.Release|x86.ActiveCfg = Release|x86
		{ECE3CB1A-92A7-44F4-B7BB-7989DF61AF5F}.Release|x86.Build.0 = Release|x86
		{5D3182CA-E1DB-46B2-ABE5-7FA12C335756}.Debug|Any CPU.ActiveCfg = Debug|Any CPU
		{5D3182CA-E1DB-46B2-ABE5-7FA12C335756}.Debug|Any CPU.Build.0 = Debug|Any CPU
		{5D3182CA-E1DB-46B2-ABE5-7FA12C335756}.Debug|ARM.ActiveCfg = Debug|ARM
		{5D3182CA-E1DB-46B2-ABE5-7FA12C335756}.Debug|ARM.Build.0 = Debug|ARM
		{5D3182CA-E1DB-46B2-ABE5-7FA12C335756}.Debug|ARM64.ActiveCfg = Debug|ARM64
		{5D3182CA-E1DB-46B2-ABE5-7FA12C335756}.Debug|ARM64.Build.0 = Debug|ARM64
		{5D3182CA-E1DB-46B2-ABE5-7FA12C335756}.Debug|x64.ActiveCfg = Debug|x64
		{5D3182CA-E1DB-46B2-ABE5-7FA12C335756}.Debug|x64.Build.0 = Debug|x64
		{5D3182CA-E1DB-46B2-ABE5-7FA12C335756}.Debug|x86.ActiveCfg = Debug|x86
		{5D3182CA-E1DB-46B2-ABE5-7FA12C335756}.Debug|x86.Build.0 = Debug|x86
		{5D3182CA-E1DB-46B2-ABE5-7FA12C335756}.Release|Any CPU.ActiveCfg = Release|Any CPU
		{5D3182CA-E1DB-46B2-ABE5-7FA12C335756}.Release|Any CPU.Build.0 = Release|Any CPU
		{5D3182CA-E1DB-46B2-ABE5-7FA12C335756}.Release|ARM.ActiveCfg = Release|ARM
		{5D3182CA-E1DB-46B2-ABE5-7FA12C335756}.Release|ARM.Build.0 = Release|ARM
		{5D3182CA-E1DB-46B2-ABE5-7FA12C335756}.Release|ARM64.ActiveCfg = Release|ARM64
		{5D3182CA-E1DB-46B2-ABE5-7FA12C335756}.Release|ARM64.Build.0 = Release|ARM64
		{5D3182CA-E1DB-46B2-ABE5-7FA12C335756}.Release|x64.ActiveCfg = Release|x64
		{5D3182CA-E1DB-46B2-ABE5-7FA12C335756}.Release|x64.Build.0 = Release|x64
		{5D3182CA-E1DB-46B2-ABE5-7FA12C335756}.Release|x86.ActiveCfg = Release|x86
		{5D3182CA-E1DB-46B2-ABE5-7FA12C335756}.Release|x86.Build.0 = Release|x86
	EndGlobalSection
	GlobalSection(SolutionProperties) = preSolution
		HideSolutionNode = FALSE
	EndGlobalSection
	GlobalSection(ExtensibilityGlobals) = postSolution
		SolutionGuid = {F1D89E41-2A36-4F4F-B09E-1CDCE016382A}
	EndGlobalSection
EndGlobal
